
Microsoft Visual Studio Solution File, Format Version 12.00
# Visual Studio Version 17
VisualStudioVersion = 17.5.002.0
MinimumVisualStudioVersion = 10.0.40219.1
Project("{9A19103F-16F7-4668-BE54-9A1E7A4F7556}") = "MyNewCalculatorApp", "MyNewCalculatorApp.csproj", "{D4342F64-9C03-4EF4-939B-E40135D3DE73}"
EndProject
Project("{FAE04EC0-301F-11D3-BF4B-00C04F79EFBC}") = "HangmanGame", "..\HangmanGame\HangmanGame.csproj", "{D58859DA-4BF4-4C6E-9491-7535C8E65D81}"
EndProject
Global
	GlobalSection(SolutionConfigurationPlatforms) = preSolution
		Debug|Any CPU = Debug|Any CPU
		Release|Any CPU = Release|Any CPU
	EndGlobalSection
	GlobalSection(ProjectConfigurationPlatforms) = postSolution
		{D4342F64-9C03-4EF4-939B-E40135D3DE73}.Debug|Any CPU.ActiveCfg = Debug|Any CPU
		{D4342F64-9C03-4EF4-939B-E40135D3DE73}.Debug|Any CPU.Build.0 = Debug|Any CPU
		{D4342F64-9C03-4EF4-939B-E40135D3DE73}.Release|Any CPU.ActiveCfg = Release|Any CPU
		{D4342F64-9C03-4EF4-939B-E40135D3DE73}.Release|Any CPU.Build.0 = Release|Any CPU
		{D58859DA-4BF4-4C6E-9491-7535C8E65D81}.Debug|Any CPU.ActiveCfg = Debug|Any CPU
		{D58859DA-4BF4-4C6E-9491-7535C8E65D81}.Debug|Any CPU.Build.0 = Debug|Any CPU
		{D58859DA-4BF4-4C6E-9491-7535C8E65D81}.Release|Any CPU.ActiveCfg = Release|Any CPU
		{D58859DA-4BF4-4C6E-9491-7535C8E65D81}.Release|Any CPU.Build.0 = Release|Any CPU
	EndGlobalSection
	GlobalSection(SolutionProperties) = preSolution
		HideSolutionNode = FALSE
	EndGlobalSection
	GlobalSection(ExtensibilityGlobals) = postSolution
		SolutionGuid = {308FFBC7-87BD-477C-8C15-4C4928C0299E}
	EndGlobalSection
EndGlobal
